
Microsoft Visual Studio Solution File, Format Version 12.00
# Visual Studio Version 16
VisualStudioVersion = 16.0.31005.135
MinimumVisualStudioVersion = 10.0.40219.1
Project("{FAE04EC0-301F-11D3-BF4B-00C04F79EFBC}") = "SimpleViewModel2", "SimpleViewModel2.csproj", "{3DCF6759-A2B2-45F6-BE8A-3FCE1B6A5FD1}"
EndProject
Global
	GlobalSection(SolutionConfigurationPlatforms) = preSolution
		Debug|Any CPU = Debug|Any CPU
		Release|Any CPU = Release|Any CPU
	EndGlobalSection
	GlobalSection(ProjectConfigurationPlatforms) = postSolution
		{3DCF6759-A2B2-45F6-BE8A-3FCE1B6A5FD1}.Debug|Any CPU.ActiveCfg = Debug|Any CPU
		{3DCF6759-A2B2-45F6-BE8A-3FCE1B6A5FD1}.Debug|Any CPU.Build.0 = Debug|Any CPU
		{3DCF6759-A2B2-45F6-BE8A-3FCE1B6A5FD1}.Release|Any CPU.ActiveCfg = Release|Any CPU
		{3DCF6759-A2B2-45F6-BE8A-3FCE1B6A5FD1}.Release|Any CPU.Build.0 = Release|Any CPU
	EndGlobalSection
	GlobalSection(SolutionProperties) = preSolution
		HideSolutionNode = FALSE
	EndGlobalSection
	GlobalSection(ExtensibilityGlobals) = postSolution
		SolutionGuid = {7DE7F556-6ECA-4759-A4CA-85C7B336C95C}
	EndGlobalSection
EndGlobal
